{
    "_readme": [
        "This file locks the dependencies of your project to a known state",
        "Read more about it at https://getcomposer.org/doc/01-basic-usage.md#installing-dependencies",
        "This file is @generated automatically"
    ],
    "content-hash": "1dc061944b4ce91261646fd99048f9b7",
    "packages": [
        {
            "name": "phalcon/migrations",
            "version": "v1.2.1",
            "source": {
                "type": "git",
                "url": "https://github.com/phalcon/migrations.git",
                "reference": "fcf5adf8bf56956f3f026c4127ebb6ee92504281"
            },
            "dist": {
                "type": "zip",
                "url": "https://api.github.com/repos/phalcon/migrations/zipball/fcf5adf8bf56956f3f026c4127ebb6ee92504281",
                "reference": "fcf5adf8bf56956f3f026c4127ebb6ee92504281",
                "shasum": ""
            },
            "require": {
                "ext-phalcon": "^4.0.0",
                "php": ">=7.2"
            },
            "require-dev": {
                "fzaninotto/faker": "^1.9",
                "humbug/box": "^3.8",
                "phalcon/ide-stubs": "^4.0.0",
                "phpunit/phpunit": "8.4.1",
                "squizlabs/php_codesniffer": "3.5.1",
                "vimeo/psalm": "3.6.2"
            },
            "suggest": {
                "robmorgan/phinx": "Phinx makes it ridiculously easy to manage the database migrations for your PHP app."
            },
            "bin": [
                "phalcon-migrations"
            ],
            "type": "library",
            "autoload": {
                "psr-4": {
                    "Phalcon\\Migrations\\": "src/"
                }
            },
            "notification-url": "https://packagist.org/downloads/",
            "license": [
                "BSD-3-Clause"
            ],
            "authors": [
                {
                    "name": "Phalcon Team",
                    "email": "team@phalcon.io",
                    "homepage": "https://phalcon.io/en/team"
                },
                {
                    "name": "Contributors",
                    "homepage": "https://github.com/phalcon/phalcon-devtools/graphs/contributors"
                }
            ],
            "description": "Run and Generate DB Migrations with Phalcon Framework",
            "homepage": "https://phalcon.io",
            "keywords": [
                "framework",
                "migration",
                "phalcon",
                "phar"
            ],
            "time": "2020-03-12T23:06:56+00:00"
        }
    ],
    "packages-dev": [],
    "aliases": [],
    "minimum-stability": "stable",
    "stability-flags": [],
    "prefer-stable": false,
    "prefer-lowest": false,
    "platform": [],
    "platform-dev": []
}
